
Microsoft Visual Studio Solution File, Format Version 12.00
# Visual Studio Version 16
VisualStudioVersion = 16.0.30114.105
MinimumVisualStudioVersion = 10.0.40219.1
Project("{FAE04EC0-301F-11D3-BF4B-00C04F79EFBC}") = "Mvc", "Mvc\Mvc.csproj", "{272797B4-93FA-4A3F-8C8C-F4144B2C16CD}"
EndProject
Global
	GlobalSection(SolutionConfigurationPlatforms) = preSolution
		Debug|Any CPU = Debug|Any CPU
		Release|Any CPU = Release|Any CPU
	EndGlobalSection
	GlobalSection(ProjectConfigurationPlatforms) = postSolution
		{272797B4-93FA-4A3F-8C8C-F4144B2C16CD}.Debug|Any CPU.ActiveCfg = Debug|Any CPU
		{272797B4-93FA-4A3F-8C8C-F4144B2C16CD}.Debug|Any CPU.Build.0 = Debug|Any CPU
		{272797B4-93FA-4A3F-8C8C-F4144B2C16CD}.Release|Any CPU.ActiveCfg = Release|Any CPU
		{272797B4-93FA-4A3F-8C8C-F4144B2C16CD}.Release|Any CPU.Build.0 = Release|Any CPU
	EndGlobalSection
	GlobalSection(SolutionProperties) = preSolution
		HideSolutionNode = FALSE
	EndGlobalSection
	GlobalSection(ExtensibilityGlobals) = postSolution
		SolutionGuid = {AF90F9A8-7ACD-4E3F-B627-2B90C8FC38E8}
	EndGlobalSection
EndGlobal
